%{
  "earmark": {:hex, :earmark, "1.2.3", "206eb2e2ac1a794aa5256f3982de7a76bf4579ff91cb28d0e17ea2c9491e46a4", [:mix], []},
  "ex_doc": {:hex, :ex_doc, "0.16.4", "4bf6b82d4f0a643b500366ed7134896e8cccdbab4d1a7a35524951b25b1ec9f0", [:mix], [{:earmark, "~> 1.1", [hex: :earmark, optional: false]}]},
  "fast_xml": {:hex, :fast_xml, "1.1.28", "31ce5cf44d20e900e1a499009f886ff74b589324d532ed0ed7a432e4f498beb1", [], [{:p1_utils, "1.0.10", [hex: :p1_utils, repo: "hexpm", optional: false]}], "hexpm"},
  "gen_stage": {:hex, :gen_stage, "0.8.0", "a76e3f0530f86fae8b8a1021c06527b1ec171cf4c0bdfecd8d5ad0376d1205af", [:mix], []},
  "p1_utils": {:hex, :p1_utils, "1.0.10", "a6d6927114bac79cf6468a10824125492034af7071adc6ed5ebc4ddb443845d4", [], [], "hexpm"},
  "saxy": {:hex, :saxy, "0.7.0", "2b0a838583152f08be46313c4e0d2d47f2e2d021010154ca106940166797fd78", [], [], "hexpm"},
}
